
Microsoft Visual Studio Solution File, Format Version 12.00
# Visual Studio 15
VisualStudioVersion = 15.0.27004.2009
MinimumVisualStudioVersion = 10.0.40219.1
Project("{9A19103F-16F7-4668-BE54-9A1E7A4F7556}") = "QIQO.Business.Companies", "QIQO.Business.Companies\QIQO.Business.Companies.csproj", "{25351FEE-2D68-4FE2-8128-3CE1CFB3310B}"
EndProject
Project("{E53339B2-1760-4266-BCC7-CA923CBCF16C}") = "docker-compose", "docker-compose.dcproj", "{36470C8E-9275-4572-BBDC-978E4268A9D2}"
EndProject
Project("{FAE04EC0-301F-11D3-BF4B-00C04F79EFBC}") = "QIQO.Business.Companies.Data", "QIQO.Business.Companies.Data\QIQO.Business.Companies.Data.csproj", "{6E616184-A97E-4EE7-B93F-2A0F77F982D5}"
EndProject
Project("{FAE04EC0-301F-11D3-BF4B-00C04F79EFBC}") = "QIQO.Business.Companies.Model", "QIQO.Business.Companies.Model\QIQO.Business.Companies.Model.csproj", "{56E9774D-628B-4FC7-B765-2912DCD76674}"
EndProject
Project("{FAE04EC0-301F-11D3-BF4B-00C04F79EFBC}") = "QIQO.Business.Core", "QIQO.Business.Core\QIQO.Business.Core.csproj", "{13DF4FF3-E5BF-4A7C-B444-9B4058C222F5}"
EndProject
Global
	GlobalSection(SolutionConfigurationPlatforms) = preSolution
		Debug|Any CPU = Debug|Any CPU
		Release|Any CPU = Release|Any CPU
	EndGlobalSection
	GlobalSection(ProjectConfigurationPlatforms) = postSolution
		{25351FEE-2D68-4FE2-8128-3CE1CFB3310B}.Debug|Any CPU.ActiveCfg = Debug|Any CPU
		{25351FEE-2D68-4FE2-8128-3CE1CFB3310B}.Debug|Any CPU.Build.0 = Debug|Any CPU
		{25351FEE-2D68-4FE2-8128-3CE1CFB3310B}.Release|Any CPU.ActiveCfg = Release|Any CPU
		{25351FEE-2D68-4FE2-8128-3CE1CFB3310B}.Release|Any CPU.Build.0 = Release|Any CPU
		{36470C8E-9275-4572-BBDC-978E4268A9D2}.Debug|Any CPU.ActiveCfg = Debug|Any CPU
		{36470C8E-9275-4572-BBDC-978E4268A9D2}.Debug|Any CPU.Build.0 = Debug|Any CPU
		{36470C8E-9275-4572-BBDC-978E4268A9D2}.Release|Any CPU.ActiveCfg = Release|Any CPU
		{36470C8E-9275-4572-BBDC-978E4268A9D2}.Release|Any CPU.Build.0 = Release|Any CPU
		{6E616184-A97E-4EE7-B93F-2A0F77F982D5}.Debug|Any CPU.ActiveCfg = Debug|Any CPU
		{6E616184-A97E-4EE7-B93F-2A0F77F982D5}.Debug|Any CPU.Build.0 = Debug|Any CPU
		{6E616184-A97E-4EE7-B93F-2A0F77F982D5}.Release|Any CPU.ActiveCfg = Release|Any CPU
		{6E616184-A97E-4EE7-B93F-2A0F77F982D5}.Release|Any CPU.Build.0 = Release|Any CPU
		{56E9774D-628B-4FC7-B765-2912DCD76674}.Debug|Any CPU.ActiveCfg = Debug|Any CPU
		{56E9774D-628B-4FC7-B765-2912DCD76674}.Debug|Any CPU.Build.0 = Debug|Any CPU
		{56E9774D-628B-4FC7-B765-2912DCD76674}.Release|Any CPU.ActiveCfg = Release|Any CPU
		{56E9774D-628B-4FC7-B765-2912DCD76674}.Release|Any CPU.Build.0 = Release|Any CPU
		{13DF4FF3-E5BF-4A7C-B444-9B4058C222F5}.Debug|Any CPU.ActiveCfg = Debug|Any CPU
		{13DF4FF3-E5BF-4A7C-B444-9B4058C222F5}.Debug|Any CPU.Build.0 = Debug|Any CPU
		{13DF4FF3-E5BF-4A7C-B444-9B4058C222F5}.Release|Any CPU.ActiveCfg = Release|Any CPU
		{13DF4FF3-E5BF-4A7C-B444-9B4058C222F5}.Release|Any CPU.Build.0 = Release|Any CPU
	EndGlobalSection
	GlobalSection(SolutionProperties) = preSolution
		HideSolutionNode = FALSE
	EndGlobalSection
	GlobalSection(ExtensibilityGlobals) = postSolution
		SolutionGuid = {A26587AE-F77E-4B2C-B00D-0BF81AE8122B}
	EndGlobalSection
EndGlobal
